
Microsoft Visual Studio Solution File, Format Version 12.00
# Visual Studio Version 17
VisualStudioVersion = 17.8.34525.116
MinimumVisualStudioVersion = 10.0.40219.1
Project("{F184B08F-C81C-45F6-A57F-5ABD9991F28F}") = "Juego_Buscaminas", "Juego_Buscaminas\Juego_Buscaminas.vbproj", "{51A10F63-80C0-4285-9D1B-55B37F47AD96}"
EndProject
Global
	GlobalSection(SolutionConfigurationPlatforms) = preSolution
		Debug|Any CPU = Debug|Any CPU
		Release|Any CPU = Release|Any CPU
	EndGlobalSection
	GlobalSection(ProjectConfigurationPlatforms) = postSolution
		{51A10F63-80C0-4285-9D1B-55B37F47AD96}.Debug|Any CPU.ActiveCfg = Debug|Any CPU
		{51A10F63-80C0-4285-9D1B-55B37F47AD96}.Debug|Any CPU.Build.0 = Debug|Any CPU
		{51A10F63-80C0-4285-9D1B-55B37F47AD96}.Release|Any CPU.ActiveCfg = Release|Any CPU
		{51A10F63-80C0-4285-9D1B-55B37F47AD96}.Release|Any CPU.Build.0 = Release|Any CPU
	EndGlobalSection
	GlobalSection(SolutionProperties) = preSolution
		HideSolutionNode = FALSE
	EndGlobalSection
	GlobalSection(ExtensibilityGlobals) = postSolution
		SolutionGuid = {66B54531-1349-4FA9-AC3B-F7855D976498}
	EndGlobalSection
EndGlobal
